
Microsoft Visual Studio Solution File, Format Version 12.00
# Visual Studio 14
VisualStudioVersion = 14.0.24720.0
MinimumVisualStudioVersion = 10.0.40219.1
Project("{2150E333-8FDC-42A3-9474-1A3956D46DE8}") = "Legacy", "Legacy", "{17D5DFC2-A473-4CCB-AE71-C450679C9C86}"
EndProject
Project("{FAE04EC0-301F-11D3-BF4B-00C04F79EFBC}") = "Dungeon Maker", "Legacy\Dungeon Maker.csproj", "{E3A2C7F1-B592-4162-85C4-704E6B48F981}"
EndProject
Global
	GlobalSection(SolutionConfigurationPlatforms) = preSolution
		Debug|Any CPU = Debug|Any CPU
		Release|Any CPU = Release|Any CPU
	EndGlobalSection
	GlobalSection(ProjectConfigurationPlatforms) = postSolution
		{E3A2C7F1-B592-4162-85C4-704E6B48F981}.Debug|Any CPU.ActiveCfg = Debug|Any CPU
		{E3A2C7F1-B592-4162-85C4-704E6B48F981}.Debug|Any CPU.Build.0 = Debug|Any CPU
		{E3A2C7F1-B592-4162-85C4-704E6B48F981}.Release|Any CPU.ActiveCfg = Release|Any CPU
		{E3A2C7F1-B592-4162-85C4-704E6B48F981}.Release|Any CPU.Build.0 = Release|Any CPU
	EndGlobalSection
	GlobalSection(SolutionProperties) = preSolution
		HideSolutionNode = FALSE
	EndGlobalSection
	GlobalSection(NestedProjects) = preSolution
		{E3A2C7F1-B592-4162-85C4-704E6B48F981} = {17D5DFC2-A473-4CCB-AE71-C450679C9C86}
	EndGlobalSection
EndGlobal
