
Microsoft Visual Studio Solution File, Format Version 12.00
# Visual Studio 14
VisualStudioVersion = 14.0.24720.0
MinimumVisualStudioVersion = 10.0.40219.1
Project("{2150E333-8FDC-42A3-9474-1A3956D46DE8}") = "Legacy", "Legacy", "{17D5DFC2-A473-4CCB-AE71-C450679C9C86}"
EndProject
Project("{FAE04EC0-301F-11D3-BF4B-00C04F79EFBC}") = "Dungeon Maker", "Legacy\Dungeon Maker.csproj", "{E3A2C7F1-B592-4162-85C4-704E6B48F981}"
EndProject
Project("{2150E333-8FDC-42A3-9474-1A3956D46DE8}") = "Clients", "Clients", "{E4027B6C-A34D-4E72-8617-2CC3497D1150}"
EndProject
Project("{2150E333-8FDC-42A3-9474-1A3956D46DE8}") = "Tests", "Tests", "{32B64AB2-6A0B-4B86-A47A-F34B078C73D5}"
EndProject
Project("{2150E333-8FDC-42A3-9474-1A3956D46DE8}") = "Generators", "Generators", "{8278B71B-A45E-4432-B433-6D222BBB4072}"
EndProject
Project("{2150E333-8FDC-42A3-9474-1A3956D46DE8}") = "Selectors", "Selectors", "{3EDF0A3E-0A06-4DAE-A66C-DE50FC213BD1}"
EndProject
Project("{2150E333-8FDC-42A3-9474-1A3956D46DE8}") = "Mappers", "Mappers", "{E276D49A-F66C-4705-9357-873D4A0796B7}"
EndProject
Project("{2150E333-8FDC-42A3-9474-1A3956D46DE8}") = "Tables", "Tables", "{4C22CC11-5963-4138-BBE7-40DB99ACE88D}"
EndProject
Project("{2150E333-8FDC-42A3-9474-1A3956D46DE8}") = "Unit", "Unit", "{190FD84E-69E3-4CEC-A303-0BE1F01F50C3}"
EndProject
Project("{2150E333-8FDC-42A3-9474-1A3956D46DE8}") = "Integration", "Integration", "{FE50D9A4-1DE0-4083-ACC1-D989CD4D70C8}"
EndProject
Project("{2150E333-8FDC-42A3-9474-1A3956D46DE8}") = "Common", "Common", "{4FE0B2B6-A6F2-448A-9873-B02F0747793B}"
EndProject
Project("{FAE04EC0-301F-11D3-BF4B-00C04F79EFBC}") = "DungeonGen.Tests.Unit.Common", "Tests\Unit\Common\DungeonGen.Tests.Unit.Common.csproj", "{D134433F-7593-4982-A6B9-0EDAC57C1F52}"
EndProject
Project("{FAE04EC0-301F-11D3-BF4B-00C04F79EFBC}") = "DungeonGen.Tests.Unit.Generators", "Tests\Unit\Generators\DungeonGen.Tests.Unit.Generators.csproj", "{B4CCAD67-C4BA-45AD-AD7E-B325EBE88DD7}"
EndProject
Project("{FAE04EC0-301F-11D3-BF4B-00C04F79EFBC}") = "DungeonGen.Tests.Unit.Mappers", "Tests\Unit\Mappers\DungeonGen.Tests.Unit.Mappers.csproj", "{ADF86F30-0685-4E59-956A-BDF42743D6B7}"
EndProject
Project("{FAE04EC0-301F-11D3-BF4B-00C04F79EFBC}") = "DungeonGen.Tests.Unit.Selectors", "Tests\Unit\Selectors\DungeonGen.Tests.Unit.Selectors.csproj", "{C757DF4C-EBD9-4BD1-B0F7-595DDAF22F49}"
EndProject
Project("{FAE04EC0-301F-11D3-BF4B-00C04F79EFBC}") = "DungeonGen.Tests.Unit.Tables", "Tests\Unit\Tables\DungeonGen.Tests.Unit.Tables.csproj", "{CEFAE04E-1FD9-4715-8097-C84112E71903}"
EndProject
Project("{FAE04EC0-301F-11D3-BF4B-00C04F79EFBC}") = "DungeonGen.Tests.Integration.Bootstrap", "Tests\Integration\Bootstrap\DungeonGen.Tests.Integration.Bootstrap.csproj", "{CBB43B85-1A40-46DC-9CAC-92E0F9CD4E1C}"
EndProject
Project("{FAE04EC0-301F-11D3-BF4B-00C04F79EFBC}") = "DungeonGen.Tests.Integration.Common", "Tests\Integration\Common\DungeonGen.Tests.Integration.Common.csproj", "{F70CBFED-51BC-4308-B3CF-93AD35EB1C64}"
EndProject
Project("{FAE04EC0-301F-11D3-BF4B-00C04F79EFBC}") = "DungeonGen.Tests.Integration.Stress", "Tests\Integration\Stress\DungeonGen.Tests.Integration.Stress.csproj", "{AE418C32-4B1A-4FFD-A892-266CD6ABFA50}"
EndProject
Project("{FAE04EC0-301F-11D3-BF4B-00C04F79EFBC}") = "DungeonGen.Tests.Integration.Tables", "Tests\Integration\Tables\DungeonGen.Tests.Integration.Tables.csproj", "{3342DE6A-CC90-4F17-AE50-F176921AD565}"
EndProject
Project("{FAE04EC0-301F-11D3-BF4B-00C04F79EFBC}") = "DungeonGen.Tables", "Tables\Contracts\DungeonGen.Tables.csproj", "{8E542C50-C9A8-4FC7-ACBB-202A61BCC9AE}"
EndProject
Project("{FAE04EC0-301F-11D3-BF4B-00C04F79EFBC}") = "DungeonGen.Tables.Domain", "Tables\Domain\DungeonGen.Tables.Domain.csproj", "{4562E7FA-EC19-49AF-B59A-CE86E2B53212}"
EndProject
Project("{FAE04EC0-301F-11D3-BF4B-00C04F79EFBC}") = "DungeonGen.Selectors", "Selectors\Contracts\DungeonGen.Selectors.csproj", "{4634066C-BC05-4C59-BDBE-5F49503EDE4C}"
EndProject
Project("{FAE04EC0-301F-11D3-BF4B-00C04F79EFBC}") = "DungeonGen.Selectors.Domain", "Selectors\Domain\DungeonGen.Selectors.Domain.csproj", "{30689D32-67DE-4870-9DA1-C80937CFAF2E}"
EndProject
Project("{FAE04EC0-301F-11D3-BF4B-00C04F79EFBC}") = "DungeonGen.Mappers", "Mappers\Contracts\DungeonGen.Mappers.csproj", "{C2D1A832-5060-4823-9510-ABB430E907B9}"
EndProject
Project("{FAE04EC0-301F-11D3-BF4B-00C04F79EFBC}") = "DungeonGen.Mappers.Domain", "Mappers\Domain\DungeonGen.Mappers.Domain.csproj", "{52991D21-2698-4191-BCD3-2E544B32A4A2}"
EndProject
Project("{FAE04EC0-301F-11D3-BF4B-00C04F79EFBC}") = "DungeonGen.Generators", "Generators\Contracts\DungeonGen.Generators.csproj", "{F9D7C4F5-3467-4216-9E2B-8AAF3CF0271B}"
EndProject
Project("{FAE04EC0-301F-11D3-BF4B-00C04F79EFBC}") = "DungeonGen.Generators.Domain", "Generators\Domain\DungeonGen.Generators.Domain.csproj", "{6EC90917-0022-431B-AF79-F205F28A156B}"
EndProject
Project("{FAE04EC0-301F-11D3-BF4B-00C04F79EFBC}") = "DungeonGen.Common", "Common\DungeonGen.Common.csproj", "{F69C2793-63F9-4411-9E7D-E4E17030CC83}"
EndProject
Project("{FAE04EC0-301F-11D3-BF4B-00C04F79EFBC}") = "DungeonGen.Bootstrap", "Bootstrap\DungeonGen.Bootstrap.csproj", "{7ADC00A1-2C4D-4E61-975B-4BEC3F38AE1A}"
EndProject
Global
	GlobalSection(SolutionConfigurationPlatforms) = preSolution
		Debug|Any CPU = Debug|Any CPU
		Release|Any CPU = Release|Any CPU
		Stress|Any CPU = Stress|Any CPU
	EndGlobalSection
	GlobalSection(ProjectConfigurationPlatforms) = postSolution
		{E3A2C7F1-B592-4162-85C4-704E6B48F981}.Debug|Any CPU.ActiveCfg = Debug|Any CPU
		{E3A2C7F1-B592-4162-85C4-704E6B48F981}.Debug|Any CPU.Build.0 = Debug|Any CPU
		{E3A2C7F1-B592-4162-85C4-704E6B48F981}.Release|Any CPU.ActiveCfg = Release|Any CPU
		{E3A2C7F1-B592-4162-85C4-704E6B48F981}.Release|Any CPU.Build.0 = Release|Any CPU
		{E3A2C7F1-B592-4162-85C4-704E6B48F981}.Stress|Any CPU.ActiveCfg = Stress|Any CPU
		{E3A2C7F1-B592-4162-85C4-704E6B48F981}.Stress|Any CPU.Build.0 = Stress|Any CPU
		{D134433F-7593-4982-A6B9-0EDAC57C1F52}.Debug|Any CPU.ActiveCfg = Debug|Any CPU
		{D134433F-7593-4982-A6B9-0EDAC57C1F52}.Debug|Any CPU.Build.0 = Debug|Any CPU
		{D134433F-7593-4982-A6B9-0EDAC57C1F52}.Release|Any CPU.ActiveCfg = Release|Any CPU
		{D134433F-7593-4982-A6B9-0EDAC57C1F52}.Release|Any CPU.Build.0 = Release|Any CPU
		{D134433F-7593-4982-A6B9-0EDAC57C1F52}.Stress|Any CPU.ActiveCfg = Stress|Any CPU
		{D134433F-7593-4982-A6B9-0EDAC57C1F52}.Stress|Any CPU.Build.0 = Stress|Any CPU
		{B4CCAD67-C4BA-45AD-AD7E-B325EBE88DD7}.Debug|Any CPU.ActiveCfg = Debug|Any CPU
		{B4CCAD67-C4BA-45AD-AD7E-B325EBE88DD7}.Debug|Any CPU.Build.0 = Debug|Any CPU
		{B4CCAD67-C4BA-45AD-AD7E-B325EBE88DD7}.Release|Any CPU.ActiveCfg = Release|Any CPU
		{B4CCAD67-C4BA-45AD-AD7E-B325EBE88DD7}.Release|Any CPU.Build.0 = Release|Any CPU
		{B4CCAD67-C4BA-45AD-AD7E-B325EBE88DD7}.Stress|Any CPU.ActiveCfg = Stress|Any CPU
		{B4CCAD67-C4BA-45AD-AD7E-B325EBE88DD7}.Stress|Any CPU.Build.0 = Stress|Any CPU
		{ADF86F30-0685-4E59-956A-BDF42743D6B7}.Debug|Any CPU.ActiveCfg = Debug|Any CPU
		{ADF86F30-0685-4E59-956A-BDF42743D6B7}.Debug|Any CPU.Build.0 = Debug|Any CPU
		{ADF86F30-0685-4E59-956A-BDF42743D6B7}.Release|Any CPU.ActiveCfg = Release|Any CPU
		{ADF86F30-0685-4E59-956A-BDF42743D6B7}.Release|Any CPU.Build.0 = Release|Any CPU
		{ADF86F30-0685-4E59-956A-BDF42743D6B7}.Stress|Any CPU.ActiveCfg = Stress|Any CPU
		{ADF86F30-0685-4E59-956A-BDF42743D6B7}.Stress|Any CPU.Build.0 = Stress|Any CPU
		{C757DF4C-EBD9-4BD1-B0F7-595DDAF22F49}.Debug|Any CPU.ActiveCfg = Debug|Any CPU
		{C757DF4C-EBD9-4BD1-B0F7-595DDAF22F49}.Debug|Any CPU.Build.0 = Debug|Any CPU
		{C757DF4C-EBD9-4BD1-B0F7-595DDAF22F49}.Release|Any CPU.ActiveCfg = Release|Any CPU
		{C757DF4C-EBD9-4BD1-B0F7-595DDAF22F49}.Release|Any CPU.Build.0 = Release|Any CPU
		{C757DF4C-EBD9-4BD1-B0F7-595DDAF22F49}.Stress|Any CPU.ActiveCfg = Stress|Any CPU
		{C757DF4C-EBD9-4BD1-B0F7-595DDAF22F49}.Stress|Any CPU.Build.0 = Stress|Any CPU
		{CEFAE04E-1FD9-4715-8097-C84112E71903}.Debug|Any CPU.ActiveCfg = Debug|Any CPU
		{CEFAE04E-1FD9-4715-8097-C84112E71903}.Debug|Any CPU.Build.0 = Debug|Any CPU
		{CEFAE04E-1FD9-4715-8097-C84112E71903}.Release|Any CPU.ActiveCfg = Release|Any CPU
		{CEFAE04E-1FD9-4715-8097-C84112E71903}.Release|Any CPU.Build.0 = Release|Any CPU
		{CEFAE04E-1FD9-4715-8097-C84112E71903}.Stress|Any CPU.ActiveCfg = Stress|Any CPU
		{CEFAE04E-1FD9-4715-8097-C84112E71903}.Stress|Any CPU.Build.0 = Stress|Any CPU
		{CBB43B85-1A40-46DC-9CAC-92E0F9CD4E1C}.Debug|Any CPU.ActiveCfg = Debug|Any CPU
		{CBB43B85-1A40-46DC-9CAC-92E0F9CD4E1C}.Debug|Any CPU.Build.0 = Debug|Any CPU
		{CBB43B85-1A40-46DC-9CAC-92E0F9CD4E1C}.Release|Any CPU.ActiveCfg = Release|Any CPU
		{CBB43B85-1A40-46DC-9CAC-92E0F9CD4E1C}.Release|Any CPU.Build.0 = Release|Any CPU
		{CBB43B85-1A40-46DC-9CAC-92E0F9CD4E1C}.Stress|Any CPU.ActiveCfg = Stress|Any CPU
		{CBB43B85-1A40-46DC-9CAC-92E0F9CD4E1C}.Stress|Any CPU.Build.0 = Stress|Any CPU
		{F70CBFED-51BC-4308-B3CF-93AD35EB1C64}.Debug|Any CPU.ActiveCfg = Debug|Any CPU
		{F70CBFED-51BC-4308-B3CF-93AD35EB1C64}.Debug|Any CPU.Build.0 = Debug|Any CPU
		{F70CBFED-51BC-4308-B3CF-93AD35EB1C64}.Release|Any CPU.ActiveCfg = Release|Any CPU
		{F70CBFED-51BC-4308-B3CF-93AD35EB1C64}.Release|Any CPU.Build.0 = Release|Any CPU
		{F70CBFED-51BC-4308-B3CF-93AD35EB1C64}.Stress|Any CPU.ActiveCfg = Stress|Any CPU
		{F70CBFED-51BC-4308-B3CF-93AD35EB1C64}.Stress|Any CPU.Build.0 = Stress|Any CPU
		{AE418C32-4B1A-4FFD-A892-266CD6ABFA50}.Debug|Any CPU.ActiveCfg = Debug|Any CPU
		{AE418C32-4B1A-4FFD-A892-266CD6ABFA50}.Debug|Any CPU.Build.0 = Debug|Any CPU
		{AE418C32-4B1A-4FFD-A892-266CD6ABFA50}.Release|Any CPU.ActiveCfg = Release|Any CPU
		{AE418C32-4B1A-4FFD-A892-266CD6ABFA50}.Release|Any CPU.Build.0 = Release|Any CPU
		{AE418C32-4B1A-4FFD-A892-266CD6ABFA50}.Stress|Any CPU.ActiveCfg = Stress|Any CPU
		{AE418C32-4B1A-4FFD-A892-266CD6ABFA50}.Stress|Any CPU.Build.0 = Stress|Any CPU
		{3342DE6A-CC90-4F17-AE50-F176921AD565}.Debug|Any CPU.ActiveCfg = Debug|Any CPU
		{3342DE6A-CC90-4F17-AE50-F176921AD565}.Debug|Any CPU.Build.0 = Debug|Any CPU
		{3342DE6A-CC90-4F17-AE50-F176921AD565}.Release|Any CPU.ActiveCfg = Release|Any CPU
		{3342DE6A-CC90-4F17-AE50-F176921AD565}.Release|Any CPU.Build.0 = Release|Any CPU
		{3342DE6A-CC90-4F17-AE50-F176921AD565}.Stress|Any CPU.ActiveCfg = Stress|Any CPU
		{3342DE6A-CC90-4F17-AE50-F176921AD565}.Stress|Any CPU.Build.0 = Stress|Any CPU
		{8E542C50-C9A8-4FC7-ACBB-202A61BCC9AE}.Debug|Any CPU.ActiveCfg = Debug|Any CPU
		{8E542C50-C9A8-4FC7-ACBB-202A61BCC9AE}.Debug|Any CPU.Build.0 = Debug|Any CPU
		{8E542C50-C9A8-4FC7-ACBB-202A61BCC9AE}.Release|Any CPU.ActiveCfg = Release|Any CPU
		{8E542C50-C9A8-4FC7-ACBB-202A61BCC9AE}.Release|Any CPU.Build.0 = Release|Any CPU
		{8E542C50-C9A8-4FC7-ACBB-202A61BCC9AE}.Stress|Any CPU.ActiveCfg = Stress|Any CPU
		{8E542C50-C9A8-4FC7-ACBB-202A61BCC9AE}.Stress|Any CPU.Build.0 = Stress|Any CPU
		{4562E7FA-EC19-49AF-B59A-CE86E2B53212}.Debug|Any CPU.ActiveCfg = Debug|Any CPU
		{4562E7FA-EC19-49AF-B59A-CE86E2B53212}.Debug|Any CPU.Build.0 = Debug|Any CPU
		{4562E7FA-EC19-49AF-B59A-CE86E2B53212}.Release|Any CPU.ActiveCfg = Release|Any CPU
		{4562E7FA-EC19-49AF-B59A-CE86E2B53212}.Release|Any CPU.Build.0 = Release|Any CPU
		{4562E7FA-EC19-49AF-B59A-CE86E2B53212}.Stress|Any CPU.ActiveCfg = Stress|Any CPU
		{4562E7FA-EC19-49AF-B59A-CE86E2B53212}.Stress|Any CPU.Build.0 = Stress|Any CPU
		{4634066C-BC05-4C59-BDBE-5F49503EDE4C}.Debug|Any CPU.ActiveCfg = Debug|Any CPU
		{4634066C-BC05-4C59-BDBE-5F49503EDE4C}.Debug|Any CPU.Build.0 = Debug|Any CPU
		{4634066C-BC05-4C59-BDBE-5F49503EDE4C}.Release|Any CPU.ActiveCfg = Release|Any CPU
		{4634066C-BC05-4C59-BDBE-5F49503EDE4C}.Release|Any CPU.Build.0 = Release|Any CPU
		{4634066C-BC05-4C59-BDBE-5F49503EDE4C}.Stress|Any CPU.ActiveCfg = Stress|Any CPU
		{4634066C-BC05-4C59-BDBE-5F49503EDE4C}.Stress|Any CPU.Build.0 = Stress|Any CPU
		{30689D32-67DE-4870-9DA1-C80937CFAF2E}.Debug|Any CPU.ActiveCfg = Debug|Any CPU
		{30689D32-67DE-4870-9DA1-C80937CFAF2E}.Debug|Any CPU.Build.0 = Debug|Any CPU
		{30689D32-67DE-4870-9DA1-C80937CFAF2E}.Release|Any CPU.ActiveCfg = Release|Any CPU
		{30689D32-67DE-4870-9DA1-C80937CFAF2E}.Release|Any CPU.Build.0 = Release|Any CPU
		{30689D32-67DE-4870-9DA1-C80937CFAF2E}.Stress|Any CPU.ActiveCfg = Stress|Any CPU
		{30689D32-67DE-4870-9DA1-C80937CFAF2E}.Stress|Any CPU.Build.0 = Stress|Any CPU
		{C2D1A832-5060-4823-9510-ABB430E907B9}.Debug|Any CPU.ActiveCfg = Debug|Any CPU
		{C2D1A832-5060-4823-9510-ABB430E907B9}.Debug|Any CPU.Build.0 = Debug|Any CPU
		{C2D1A832-5060-4823-9510-ABB430E907B9}.Release|Any CPU.ActiveCfg = Release|Any CPU
		{C2D1A832-5060-4823-9510-ABB430E907B9}.Release|Any CPU.Build.0 = Release|Any CPU
		{C2D1A832-5060-4823-9510-ABB430E907B9}.Stress|Any CPU.ActiveCfg = Stress|Any CPU
		{C2D1A832-5060-4823-9510-ABB430E907B9}.Stress|Any CPU.Build.0 = Stress|Any CPU
		{52991D21-2698-4191-BCD3-2E544B32A4A2}.Debug|Any CPU.ActiveCfg = Debug|Any CPU
		{52991D21-2698-4191-BCD3-2E544B32A4A2}.Debug|Any CPU.Build.0 = Debug|Any CPU
		{52991D21-2698-4191-BCD3-2E544B32A4A2}.Release|Any CPU.ActiveCfg = Release|Any CPU
		{52991D21-2698-4191-BCD3-2E544B32A4A2}.Release|Any CPU.Build.0 = Release|Any CPU
		{52991D21-2698-4191-BCD3-2E544B32A4A2}.Stress|Any CPU.ActiveCfg = Stress|Any CPU
		{52991D21-2698-4191-BCD3-2E544B32A4A2}.Stress|Any CPU.Build.0 = Stress|Any CPU
		{F9D7C4F5-3467-4216-9E2B-8AAF3CF0271B}.Debug|Any CPU.ActiveCfg = Debug|Any CPU
		{F9D7C4F5-3467-4216-9E2B-8AAF3CF0271B}.Debug|Any CPU.Build.0 = Debug|Any CPU
		{F9D7C4F5-3467-4216-9E2B-8AAF3CF0271B}.Release|Any CPU.ActiveCfg = Release|Any CPU
		{F9D7C4F5-3467-4216-9E2B-8AAF3CF0271B}.Release|Any CPU.Build.0 = Release|Any CPU
		{F9D7C4F5-3467-4216-9E2B-8AAF3CF0271B}.Stress|Any CPU.ActiveCfg = Stress|Any CPU
		{F9D7C4F5-3467-4216-9E2B-8AAF3CF0271B}.Stress|Any CPU.Build.0 = Stress|Any CPU
		{6EC90917-0022-431B-AF79-F205F28A156B}.Debug|Any CPU.ActiveCfg = Debug|Any CPU
		{6EC90917-0022-431B-AF79-F205F28A156B}.Debug|Any CPU.Build.0 = Debug|Any CPU
		{6EC90917-0022-431B-AF79-F205F28A156B}.Release|Any CPU.ActiveCfg = Release|Any CPU
		{6EC90917-0022-431B-AF79-F205F28A156B}.Release|Any CPU.Build.0 = Release|Any CPU
		{6EC90917-0022-431B-AF79-F205F28A156B}.Stress|Any CPU.ActiveCfg = Stress|Any CPU
		{6EC90917-0022-431B-AF79-F205F28A156B}.Stress|Any CPU.Build.0 = Stress|Any CPU
		{F69C2793-63F9-4411-9E7D-E4E17030CC83}.Debug|Any CPU.ActiveCfg = Debug|Any CPU
		{F69C2793-63F9-4411-9E7D-E4E17030CC83}.Debug|Any CPU.Build.0 = Debug|Any CPU
		{F69C2793-63F9-4411-9E7D-E4E17030CC83}.Release|Any CPU.ActiveCfg = Release|Any CPU
		{F69C2793-63F9-4411-9E7D-E4E17030CC83}.Release|Any CPU.Build.0 = Release|Any CPU
		{F69C2793-63F9-4411-9E7D-E4E17030CC83}.Stress|Any CPU.ActiveCfg = Stress|Any CPU
		{F69C2793-63F9-4411-9E7D-E4E17030CC83}.Stress|Any CPU.Build.0 = Stress|Any CPU
		{7ADC00A1-2C4D-4E61-975B-4BEC3F38AE1A}.Debug|Any CPU.ActiveCfg = Debug|Any CPU
		{7ADC00A1-2C4D-4E61-975B-4BEC3F38AE1A}.Debug|Any CPU.Build.0 = Debug|Any CPU
		{7ADC00A1-2C4D-4E61-975B-4BEC3F38AE1A}.Release|Any CPU.ActiveCfg = Release|Any CPU
		{7ADC00A1-2C4D-4E61-975B-4BEC3F38AE1A}.Release|Any CPU.Build.0 = Release|Any CPU
		{7ADC00A1-2C4D-4E61-975B-4BEC3F38AE1A}.Stress|Any CPU.ActiveCfg = Stress|Any CPU
		{7ADC00A1-2C4D-4E61-975B-4BEC3F38AE1A}.Stress|Any CPU.Build.0 = Stress|Any CPU
	EndGlobalSection
	GlobalSection(SolutionProperties) = preSolution
		HideSolutionNode = FALSE
	EndGlobalSection
	GlobalSection(NestedProjects) = preSolution
		{E3A2C7F1-B592-4162-85C4-704E6B48F981} = {17D5DFC2-A473-4CCB-AE71-C450679C9C86}
		{190FD84E-69E3-4CEC-A303-0BE1F01F50C3} = {32B64AB2-6A0B-4B86-A47A-F34B078C73D5}
		{FE50D9A4-1DE0-4083-ACC1-D989CD4D70C8} = {32B64AB2-6A0B-4B86-A47A-F34B078C73D5}
		{D134433F-7593-4982-A6B9-0EDAC57C1F52} = {190FD84E-69E3-4CEC-A303-0BE1F01F50C3}
		{B4CCAD67-C4BA-45AD-AD7E-B325EBE88DD7} = {190FD84E-69E3-4CEC-A303-0BE1F01F50C3}
		{ADF86F30-0685-4E59-956A-BDF42743D6B7} = {190FD84E-69E3-4CEC-A303-0BE1F01F50C3}
		{C757DF4C-EBD9-4BD1-B0F7-595DDAF22F49} = {190FD84E-69E3-4CEC-A303-0BE1F01F50C3}
		{CEFAE04E-1FD9-4715-8097-C84112E71903} = {190FD84E-69E3-4CEC-A303-0BE1F01F50C3}
		{CBB43B85-1A40-46DC-9CAC-92E0F9CD4E1C} = {FE50D9A4-1DE0-4083-ACC1-D989CD4D70C8}
		{F70CBFED-51BC-4308-B3CF-93AD35EB1C64} = {FE50D9A4-1DE0-4083-ACC1-D989CD4D70C8}
		{AE418C32-4B1A-4FFD-A892-266CD6ABFA50} = {FE50D9A4-1DE0-4083-ACC1-D989CD4D70C8}
		{3342DE6A-CC90-4F17-AE50-F176921AD565} = {FE50D9A4-1DE0-4083-ACC1-D989CD4D70C8}
		{8E542C50-C9A8-4FC7-ACBB-202A61BCC9AE} = {4C22CC11-5963-4138-BBE7-40DB99ACE88D}
		{4562E7FA-EC19-49AF-B59A-CE86E2B53212} = {4C22CC11-5963-4138-BBE7-40DB99ACE88D}
		{4634066C-BC05-4C59-BDBE-5F49503EDE4C} = {3EDF0A3E-0A06-4DAE-A66C-DE50FC213BD1}
		{30689D32-67DE-4870-9DA1-C80937CFAF2E} = {3EDF0A3E-0A06-4DAE-A66C-DE50FC213BD1}
		{C2D1A832-5060-4823-9510-ABB430E907B9} = {E276D49A-F66C-4705-9357-873D4A0796B7}
		{52991D21-2698-4191-BCD3-2E544B32A4A2} = {E276D49A-F66C-4705-9357-873D4A0796B7}
		{F9D7C4F5-3467-4216-9E2B-8AAF3CF0271B} = {8278B71B-A45E-4432-B433-6D222BBB4072}
		{6EC90917-0022-431B-AF79-F205F28A156B} = {8278B71B-A45E-4432-B433-6D222BBB4072}
		{F69C2793-63F9-4411-9E7D-E4E17030CC83} = {4FE0B2B6-A6F2-448A-9873-B02F0747793B}
		{7ADC00A1-2C4D-4E61-975B-4BEC3F38AE1A} = {E4027B6C-A34D-4E72-8617-2CC3497D1150}
	EndGlobalSection
EndGlobal
